# Permanent numbers of catalogue entries (A3.6, PLT-09): `<kind> <id> <number>`, `retired` appended for a
# removed entry. Written by `kd catalog build --assign`; a number is never changed or used again.
colour_family void 0
colour_family violet_darks 1
colour_family limestone 2
colour_family autumn_grass 3
colour_family earth 4
colour_family water 5
colour_family birch_gold 6
colour_family pine 7
colour_family rust_bracken 8
colour_family fire 9
colour_family skin 10
colour_family ochre_cloth 11
colour_family red_ochre_cloak 12
colour_family red_deer_coat 13
colour_family mist_smoke 14
colour_family wood_smoke 15
colour_family snow_ice 16
colour_family map_globe 17
ladder grass 0
ladder grass_damp 1
ladder dirt 2
ladder path 3
ladder ash 4
ladder litter 5
ladder needles 6
ladder lime 7
ladder lime_lit 8
ladder scree 9
ladder gravel 10
ladder mud 11
ladder water 12
ladder reed 13
ladder birch 14
ladder bark 15
ladder pine 16
ladder trunk 17
ladder shrub 18
ladder skin 19
ladder hair 20
ladder hair_brown 21
ladder hair_white 22
ladder hide 23
ladder hide_dark 24
ladder ochre 25
ladder red 26
ladder deer 27
ladder deer_pale 28
ladder wolf 29
ladder wolf_pale 30
ladder antler 31
ladder fire 32
ladder smoke 33
ladder mist 34
ladder snow 35
ladder wood 36
ladder flint 37
ladder bone 38
ladder meat 39
ladder cave 40
ladder ink 41
ladder sea 42
ladder sand 43
ladder steppe 44
ladder tundra 45
ladder ice 46
ladder jungle 47
ladder space 48
ladder forest_gold 49
ladder night_land 50
light_table warm_1 0
light_table warm_2 1
light_table warm_3 2
light_table haze_1 3
light_table haze_2 4
light_table haze_3 5
light_table outline 6
light_table rim_sun 7
light_table rim_fire 8
light_table darker 9
light_table lighter 10
light_table snow_cover 11
light_table version_dusk 12
light_table version_dawn 13
light_table version_day 14
light_table version_night 15
surface grass 0
surface dirt 1
surface rock 2
surface scree 3
